
Microsoft Visual Studio Solution File, Format Version 12.00
Project("{FAE04EC0-301F-11D3-BF4B-00C04F79EFBC}") = "SylvanLibrary", "SylvanLibrary\SylvanLibrary.csproj", "{00D9E6C0-E839-43B5-ABEF-DB63600C6887}"
EndProject
Project("{FAE04EC0-301F-11D3-BF4B-00C04F79EFBC}") = "SylvanLibrary.Tests", "SylvanLibrary.Tests\SylvanLibrary.Tests.csproj", "{7A9DFB53-67A7-49E5-852F-51D04B45B7DD}"
EndProject
Global
	GlobalSection(SolutionConfigurationPlatforms) = preSolution
		Debug|Any CPU = Debug|Any CPU
		Release|Any CPU = Release|Any CPU
	EndGlobalSection
	GlobalSection(ProjectConfigurationPlatforms) = postSolution
		{00D9E6C0-E839-43B5-ABEF-DB63600C6887}.Debug|Any CPU.ActiveCfg = Debug|Any CPU
		{00D9E6C0-E839-43B5-ABEF-DB63600C6887}.Debug|Any CPU.Build.0 = Debug|Any CPU
		{00D9E6C0-E839-43B5-ABEF-DB63600C6887}.Release|Any CPU.ActiveCfg = Release|Any CPU
		{00D9E6C0-E839-43B5-ABEF-DB63600C6887}.Release|Any CPU.Build.0 = Release|Any CPU
		{7A9DFB53-67A7-49E5-852F-51D04B45B7DD}.Debug|Any CPU.ActiveCfg = Debug|Any CPU
		{7A9DFB53-67A7-49E5-852F-51D04B45B7DD}.Debug|Any CPU.Build.0 = Debug|Any CPU
		{7A9DFB53-67A7-49E5-852F-51D04B45B7DD}.Release|Any CPU.ActiveCfg = Release|Any CPU
		{7A9DFB53-67A7-49E5-852F-51D04B45B7DD}.Release|Any CPU.Build.0 = Release|Any CPU
	EndGlobalSection
EndGlobal
